PODS:
  - AppDevelopModule (1.0.4):
    - AppDevelopModule/Algorithms (= 1.0.4)
    - AppDevelopModule/Core (= 1.0.4)
    - AppDevelopModule/Crypto (= 1.0.4)
    - AppDevelopModule/Hud (= 1.0.4)
    - AppDevelopModule/Map (= 1.0.4)
    - AppDevelopModule/Network (= 1.0.4)
  - AppDevelopModule/Algorithms (1.0.4):
    - AppDevelopModule/Core
  - AppDevelopModule/Core (1.0.4):
    - SwifterSwift
  - AppDevelopModule/Crypto (1.0.4):
    - AppDevelopModule/Core
    - CryptoSwift
  - AppDevelopModule/Hud (1.0.4):
    - AppDevelopModule/Core
    - NVActivityIndicatorView
  - AppDevelopModule/Map (1.0.4):
    - AppDevelopModule/Core
  - AppDevelopModule/Network (1.0.4):
    - AppDevelopModule/Core
  - CryptoSwift (1.4.0)
  - NVActivityIndicatorView (5.1.1):
    - NVActivityIndicatorView/Base (= 5.1.1)
  - NVActivityIndicatorView/Base (5.1.1)
  - SwifterSwift (5.2.0):
    - SwifterSwift/AppKit (= 5.2.0)
    - SwifterSwift/CoreAnimation (= 5.2.0)
    - SwifterSwift/CoreGraphics (= 5.2.0)
    - SwifterSwift/CoreLocation (= 5.2.0)
    - SwifterSwift/Dispatch (= 5.2.0)
    - SwifterSwift/Foundation (= 5.2.0)
    - SwifterSwift/MapKit (= 5.2.0)
    - SwifterSwift/SceneKit (= 5.2.0)
    - SwifterSwift/SpriteKit (= 5.2.0)
    - SwifterSwift/StoreKit (= 5.2.0)
    - SwifterSwift/SwiftStdlib (= 5.2.0)
    - SwifterSwift/UIKit (= 5.2.0)
  - SwifterSwift/AppKit (5.2.0)
  - SwifterSwift/CoreAnimation (5.2.0)
  - SwifterSwift/CoreGraphics (5.2.0)
  - SwifterSwift/CoreLocation (5.2.0)
  - SwifterSwift/Dispatch (5.2.0)
  - SwifterSwift/Foundation (5.2.0)
  - SwifterSwift/MapKit (5.2.0)
  - SwifterSwift/SceneKit (5.2.0)
  - SwifterSwift/SpriteKit (5.2.0)
  - SwifterSwift/StoreKit (5.2.0)
  - SwifterSwift/SwiftStdlib (5.2.0)
  - SwifterSwift/UIKit (5.2.0)

DEPENDENCIES:
  - AppDevelopModule (from `..`)

SPEC REPOS:
  trunk:
    - CryptoSwift
    - NVActivityIndicatorView
    - SwifterSwift

EXTERNAL SOURCES:
  AppDevelopModule:
    :path: ".."

SPEC CHECKSUMS:
  AppDevelopModule: 8a338bff7bcecb88dddff365bb9198037af41b89
  CryptoSwift: 7cc902df1784de3b389a387756c7d710f197730c
  NVActivityIndicatorView: 1f6c5687f1171810aa27a3296814dc2d7dec3667
  SwifterSwift: 334181863c416882d97b7a60c05054d9e4d799e2

PODFILE CHECKSUM: 7d3b74ccbe74f37bb9c1d095d855cc8802feed16

COCOAPODS: 1.10.2
