PODS:
  - AppDevelopModule (1.0.4):
    - AppDevelopModule/Algorithms (= 1.0.4)
    - AppDevelopModule/Core (= 1.0.4)
    - AppDevelopModule/Crypto (= 1.0.4)
    - AppDevelopModule/Hud (= 1.0.4)
    - AppDevelopModule/Map (= 1.0.4)
    - AppDevelopModule/Network (= 1.0.4)
  - AppDevelopModule/Algorithms (1.0.4):
    - AppDevelopModule/Core
  - AppDevelopModule/Core (1.0.4)
  - AppDevelopModule/Crypto (1.0.4):
    - AppDevelopModule/Core
  - AppDevelopModule/Hud (1.0.4):
    - AppDevelopModule/Core
  - AppDevelopModule/Map (1.0.4):
    - AppDevelopModule/Core
  - AppDevelopModule/Network (1.0.4):
    - AppDevelopModule/Core

DEPENDENCIES:
  - AppDevelopModule (from `..`)

EXTERNAL SOURCES:
  AppDevelopModule:
    :path: ".."

SPEC CHECKSUMS:
  AppDevelopModule: 52face7b5f0aa9750190f3fc78c50e930328dcd2

PODFILE CHECKSUM: 05cdfe91a0c28537531850b2501d80d224dc134a

COCOAPODS: 1.11.2
