// !$*UTF8*$!
{
	archiveVersion = 1;
	classes = {
	};
	objectVersion = 51;
	objects = {

/* Begin PBXBuildFile section */
		81576DC7250A1EAA00D5A30C /* AppDelegate.swift in Sources */ = {isa = PBXBuildFile; fileRef = 81576DC6250A1EAA00D5A30C /* AppDelegate.swift */; };
		81576DC9250A1EAA00D5A30C /* SceneDelegate.swift in Sources */ = {isa = PBXBuildFile; fileRef = 81576DC8250A1EAA00D5A30C /* SceneDelegate.swift */; };
		81576DCB250A1EAA00D5A30C /* ViewController.swift in Sources */ = {isa = PBXBuildFile; fileRef = 81576DCA250A1EAA00D5A30C /* ViewController.swift */; };
		81576DCE250A1EAA00D5A30C /* Main.storyboard in Resources */ = {isa = PBXBuildFile; fileRef = 81576DCC250A1EAA00D5A30C /* Main.storyboard */; };
		81576DD0250A1EAB00D5A30C /* Assets.xcassets in Resources */ = {isa = PBXBuildFile; fileRef = 81576DCF250A1EAB00D5A30C /* Assets.xcassets */; };
		81576DD3250A1EAB00D5A30C /* LaunchScreen.storyboard in Resources */ = {isa = PBXBuildFile; fileRef = 81576DD1250A1EAB00D5A30C /* LaunchScreen.storyboard */; };
		819F4E6D268B1D4000E59F3D /* NDAlertController.m in Sources */ = {isa = PBXBuildFile; fileRef = 819F4E6C268B1D4000E59F3D /* NDAlertController.m */; };
		81A5C7E426807E2700012894 /* ArrayExtension.swift in Sources */ = {isa = PBXBuildFile; fileRef = 81A5C7E326807E2700012894 /* ArrayExtension.swift */; };
		81A7500C2682DF3900B3F366 /* UILabel+Click.m in Sources */ = {isa = PBXBuildFile; fileRef = 81A7500B2682DF3900B3F366 /* UILabel+Click.m */; };
		81F9E42626B7D213001C8998 /* GradientColorView.swift in Sources */ = {isa = PBXBuildFile; fileRef = 81F9E42526B7D213001C8998 /* GradientColorView.swift */; };
		81F9E42926B7D22C001C8998 /* CornerContainerView.swift in Sources */ = {isa = PBXBuildFile; fileRef = 81F9E42826B7D22C001C8998 /* CornerContainerView.swift */; };
		81F9E42E26B7D289001C8998 /* MaxLengthTextField.swift in Sources */ = {isa = PBXBuildFile; fileRef = 81F9E42C26B7D289001C8998 /* MaxLengthTextField.swift */; };
		81F9E42F26B7D289001C8998 /* MaxNumberTextField.swift in Sources */ = {isa = PBXBuildFile; fileRef = 81F9E42D26B7D289001C8998 /* MaxNumberTextField.swift */; };
		81F9E43326B7D29E001C8998 /* WLPaddingLabel.m in Sources */ = {isa = PBXBuildFile; fileRef = 81F9E43226B7D29E001C8998 /* WLPaddingLabel.m */; };
		C32B05CA15937CB91FD024ED /* Pods_AppDevelopExample.framework in Frameworks */ = {isa = PBXBuildFile; fileRef = 0A34C1F8B27FE11B78FF4F06 /* Pods_AppDevelopExample.framework */; };
/* End PBXBuildFile section */

/* Begin PBXFileReference section */
		0A34C1F8B27FE11B78FF4F06 /* Pods_AppDevelopExample.framework */ = {isa = PBXFileReference; explicitFileType = wrapper.framework; includeInIndex = 0; path = Pods_AppDevelopExample.framework; sourceTree = BUILT_PRODUCTS_DIR; };
		508559AF1C040609886F78A2 /* Pods-AppDevelopExample.release.xcconfig */ = {isa = PBXFileReference; includeInIndex = 1; lastKnownFileType = text.xcconfig; name = "Pods-AppDevelopExample.release.xcconfig"; path = "Target Support Files/Pods-AppDevelopExample/Pods-AppDevelopExample.release.xcconfig"; sourceTree = "<group>"; };
		7A8A45EC8CC887B36E43F219 /* Pods-AppDevelopExample.debug.xcconfig */ = {isa = PBXFileReference; includeInIndex = 1; lastKnownFileType = text.xcconfig; name = "Pods-AppDevelopExample.debug.xcconfig"; path = "Target Support Files/Pods-AppDevelopExample/Pods-AppDevelopExample.debug.xcconfig"; sourceTree = "<group>"; };
		8106E3B0264E6A7900207B40 /* AppDevelopExample-Bridging-Header.h */ = {isa = PBXFileReference; lastKnownFileType = sourcecode.c.h; path = "AppDevelopExample-Bridging-Header.h"; sourceTree = "<group>"; };
		81576DC3250A1EAA00D5A30C /* AppDevelopExample.app */ = {isa = PBXFileReference; explicitFileType = wrapper.application; includeInIndex = 0; path = AppDevelopExample.app; sourceTree = BUILT_PRODUCTS_DIR; };
		81576DC6250A1EAA00D5A30C /* AppDelegate.swift */ = {isa = PBXFileReference; lastKnownFileType = sourcecode.swift; path = AppDelegate.swift; sourceTree = "<group>"; };
		81576DC8250A1EAA00D5A30C /* SceneDelegate.swift */ = {isa = PBXFileReference; lastKnownFileType = sourcecode.swift; path = SceneDelegate.swift; sourceTree = "<group>"; };
		81576DCA250A1EAA00D5A30C /* ViewController.swift */ = {isa = PBXFileReference; lastKnownFileType = sourcecode.swift; path = ViewController.swift; sourceTree = "<group>"; };
		81576DCD250A1EAA00D5A30C /* Base */ = {isa = PBXFileReference; lastKnownFileType = file.storyboard; name = Base; path = Base.lproj/Main.storyboard; sourceTree = "<group>"; };
		81576DCF250A1EAB00D5A30C /* Assets.xcassets */ = {isa = PBXFileReference; lastKnownFileType = folder.assetcatalog; path = Assets.xcassets; sourceTree = "<group>"; };
		81576DD2250A1EAB00D5A30C /* Base */ = {isa = PBXFileReference; lastKnownFileType = file.storyboard; name = Base; path = Base.lproj/LaunchScreen.storyboard; sourceTree = "<group>"; };
		81576DD4250A1EAB00D5A30C /* Info.plist */ = {isa = PBXFileReference; lastKnownFileType = text.plist.xml; path = Info.plist; sourceTree = "<group>"; };
		819F4E6B268B1D4000E59F3D /* NDAlertController.h */ = {isa = PBXFileReference; fileEncoding = 4; lastKnownFileType = sourcecode.c.h; path = NDAlertController.h; sourceTree = "<group>"; };
		819F4E6C268B1D4000E59F3D /* NDAlertController.m */ = {isa = PBXFileReference; fileEncoding = 4; lastKnownFileType = sourcecode.c.objc; path = NDAlertController.m; sourceTree = "<group>"; };
		81A5C72D26807DF400012894 /* Algorithms.swift */ = {isa = PBXFileReference; lastKnownFileType = sourcecode.swift; name = Algorithms.swift; path = AppDevelopModule/Algorithms/Algorithms.swift; sourceTree = "<group>"; };
		81A5C72F26807DF400012894 /* AppDefinition.swift */ = {isa = PBXFileReference; lastKnownFileType = sourcecode.swift; path = AppDefinition.swift; sourceTree = "<group>"; };
		81A5C73126807DF400012894 /* DataExtension.swift */ = {isa = PBXFileReference; lastKnownFileType = sourcecode.swift; path = DataExtension.swift; sourceTree = "<group>"; };
		81A5C73326807DF400012894 /* DateExtension.swift */ = {isa = PBXFileReference; lastKnownFileType = sourcecode.swift; path = DateExtension.swift; sourceTree = "<group>"; };
		81A5C73526807DF400012894 /* DictionaryExtension.swift */ = {isa = PBXFileReference; lastKnownFileType = sourcecode.swift; path = DictionaryExtension.swift; sourceTree = "<group>"; };
		81A5C73726807DF400012894 /* NumberExtension.swift */ = {isa = PBXFileReference; lastKnownFileType = sourcecode.swift; path = NumberExtension.swift; sourceTree = "<group>"; };
		81A5C73926807DF400012894 /* NSMutableAttributedStringExtension.swift */ = {isa = PBXFileReference; lastKnownFileType = sourcecode.swift; path = NSMutableAttributedStringExtension.swift; sourceTree = "<group>"; };
		81A5C73A26807DF400012894 /* NSURL+QMUI.h */ = {isa = PBXFileReference; lastKnownFileType = sourcecode.c.h; path = "NSURL+QMUI.h"; sourceTree = "<group>"; };
		81A5C73B26807DF400012894 /* NSURL+QMUI.m */ = {isa = PBXFileReference; lastKnownFileType = sourcecode.c.objc; path = "NSURL+QMUI.m"; sourceTree = "<group>"; };
		81A5C73C26807DF400012894 /* StringExtension.swift */ = {isa = PBXFileReference; lastKnownFileType = sourcecode.swift; path = StringExtension.swift; sourceTree = "<group>"; };
		81A5C73E26807DF400012894 /* SwiftTimer.swift */ = {isa = PBXFileReference; lastKnownFileType = sourcecode.swift; path = SwiftTimer.swift; sourceTree = "<group>"; };
		81A5C74126807DF400012894 /* UIAlertControllerExtension.swift */ = {isa = PBXFileReference; lastKnownFileType = sourcecode.swift; path = UIAlertControllerExtension.swift; sourceTree = "<group>"; };
		81A5C74326807DF400012894 /* UIImage+Show.swift */ = {isa = PBXFileReference; lastKnownFileType = sourcecode.swift; path = "UIImage+Show.swift"; sourceTree = "<group>"; };
		81A5C74526807DF400012894 /* UIImageExtension.swift */ = {isa = PBXFileReference; lastKnownFileType = sourcecode.swift; path = UIImageExtension.swift; sourceTree = "<group>"; };
		81A5C74726807DF400012894 /* UIViewController+ImagePicker.h */ = {isa = PBXFileReference; lastKnownFileType = sourcecode.c.h; path = "UIViewController+ImagePicker.h"; sourceTree = "<group>"; };
		81A5C74826807DF400012894 /* UIViewController+ImagePicker.m */ = {isa = PBXFileReference; lastKnownFileType = sourcecode.c.objc; path = "UIViewController+ImagePicker.m"; sourceTree = "<group>"; };
		81A5C74B26807DF400012894 /* UIButtonExtension.swift */ = {isa = PBXFileReference; lastKnownFileType = sourcecode.swift; path = UIButtonExtension.swift; sourceTree = "<group>"; };
		81A5C74C26807DF400012894 /* UITableView+FGTableHeaderView.h */ = {isa = PBXFileReference; lastKnownFileType = sourcecode.c.h; path = "UITableView+FGTableHeaderView.h"; sourceTree = "<group>"; };
		81A5C74D26807DF400012894 /* UITableView+FGTableHeaderView.m */ = {isa = PBXFileReference; lastKnownFileType = sourcecode.c.objc; path = "UITableView+FGTableHeaderView.m"; sourceTree = "<group>"; };
		81A5C74E26807DF400012894 /* UIViewExtension.swift */ = {isa = PBXFileReference; lastKnownFileType = sourcecode.swift; path = UIViewExtension.swift; sourceTree = "<group>"; };
		81A5C74F26807DF400012894 /* UIBarButtonItem+Badge.h */ = {isa = PBXFileReference; lastKnownFileType = sourcecode.c.h; path = "UIBarButtonItem+Badge.h"; sourceTree = "<group>"; };
		81A5C75026807DF400012894 /* UIBarButtonItem+Badge.m */ = {isa = PBXFileReference; lastKnownFileType = sourcecode.c.objc; path = "UIBarButtonItem+Badge.m"; sourceTree = "<group>"; };
		81A5C75526807DF400012894 /* KMPlaceholderTextView.swift */ = {isa = PBXFileReference; lastKnownFileType = sourcecode.swift; path = KMPlaceholderTextView.swift; sourceTree = "<group>"; };
		81A5C75626807DF400012894 /* MutiSelectView.swift */ = {isa = PBXFileReference; lastKnownFileType = sourcecode.swift; path = MutiSelectView.swift; sourceTree = "<group>"; };
		81A5C75726807DF400012894 /* THDrawView.swift */ = {isa = PBXFileReference; lastKnownFileType = sourcecode.swift; path = THDrawView.swift; sourceTree = "<group>"; };
		81A5C75826807DF400012894 /* WindowCallOutView.swift */ = {isa = PBXFileReference; lastKnownFileType = sourcecode.swift; path = WindowCallOutView.swift; sourceTree = "<group>"; };
		81A5C75926807DF400012894 /* WLScroContentView.swift */ = {isa = PBXFileReference; fileEncoding = 4; lastKnownFileType = sourcecode.swift; path = WLScroContentView.swift; sourceTree = "<group>"; };
		81A5C75B26807DF400012894 /* BaseRefreshableTableView.h */ = {isa = PBXFileReference; lastKnownFileType = sourcecode.c.h; path = BaseRefreshableTableView.h; sourceTree = "<group>"; };
		81A5C75C26807DF400012894 /* BaseRefreshableTableView.m */ = {isa = PBXFileReference; lastKnownFileType = sourcecode.c.objc; path = BaseRefreshableTableView.m; sourceTree = "<group>"; };
		81A5C75D26807DF400012894 /* BaseSwiftRefreshableTableView.swift */ = {isa = PBXFileReference; lastKnownFileType = sourcecode.swift; path = BaseSwiftRefreshableTableView.swift; sourceTree = "<group>"; };
		81A5C75E26807DF400012894 /* NDHeader.h */ = {isa = PBXFileReference; lastKnownFileType = sourcecode.c.h; path = NDHeader.h; sourceTree = "<group>"; };
		81A5C75F26807DF400012894 /* UIView+NDEmpty.h */ = {isa = PBXFileReference; lastKnownFileType = sourcecode.c.h; path = "UIView+NDEmpty.h"; sourceTree = "<group>"; };
		81A5C76026807DF400012894 /* UIView+NDEmpty.m */ = {isa = PBXFileReference; lastKnownFileType = sourcecode.c.objc; path = "UIView+NDEmpty.m"; sourceTree = "<group>"; };
		81A5C76126807DF400012894 /* UIView+NDViewFrame.h */ = {isa = PBXFileReference; lastKnownFileType = sourcecode.c.h; path = "UIView+NDViewFrame.h"; sourceTree = "<group>"; };
		81A5C76226807DF400012894 /* UIView+NDViewFrame.m */ = {isa = PBXFileReference; lastKnownFileType = sourcecode.c.objc; path = "UIView+NDViewFrame.m"; sourceTree = "<group>"; };
		81A5C76526807DF400012894 /* DFTitleCellConfigModel.h */ = {isa = PBXFileReference; lastKnownFileType = sourcecode.c.h; path = DFTitleCellConfigModel.h; sourceTree = "<group>"; };
		81A5C76626807DF400012894 /* DFTitleCellConfigModel.m */ = {isa = PBXFileReference; lastKnownFileType = sourcecode.c.objc; path = DFTitleCellConfigModel.m; sourceTree = "<group>"; };
		81A5C76726807DF400012894 /* DFTitleCellView.h */ = {isa = PBXFileReference; lastKnownFileType = sourcecode.c.h; path = DFTitleCellView.h; sourceTree = "<group>"; };
		81A5C76826807DF400012894 /* DFTitleCellView.m */ = {isa = PBXFileReference; lastKnownFileType = sourcecode.c.objc; path = DFTitleCellView.m; sourceTree = "<group>"; };
		81A5C76926807DF400012894 /* UIView+YXAction.h */ = {isa = PBXFileReference; lastKnownFileType = sourcecode.c.h; path = "UIView+YXAction.h"; sourceTree = "<group>"; };
		81A5C76A26807DF400012894 /* UIView+YXAction.m */ = {isa = PBXFileReference; lastKnownFileType = sourcecode.c.objc; path = "UIView+YXAction.m"; sourceTree = "<group>"; };
		81A5C76B26807DF400012894 /* WLVerticalAlignmentLabel.h */ = {isa = PBXFileReference; lastKnownFileType = sourcecode.c.h; path = WLVerticalAlignmentLabel.h; sourceTree = "<group>"; };
		81A5C76C26807DF400012894 /* WLVerticalAlignmentLabel.m */ = {isa = PBXFileReference; lastKnownFileType = sourcecode.c.objc; path = WLVerticalAlignmentLabel.m; sourceTree = "<group>"; };
		81A5C76E26807DF400012894 /* PGDatePickerManager.swift */ = {isa = PBXFileReference; lastKnownFileType = sourcecode.swift; path = PGDatePickerManager.swift; sourceTree = "<group>"; };
		81A5C76F26807DF400012894 /* NSBundle+PGDatePicker.h */ = {isa = PBXFileReference; lastKnownFileType = sourcecode.c.h; path = "NSBundle+PGDatePicker.h"; sourceTree = "<group>"; };
		81A5C77026807DF400012894 /* NSBundle+PGDatePicker.m */ = {isa = PBXFileReference; lastKnownFileType = sourcecode.c.objc; path = "NSBundle+PGDatePicker.m"; sourceTree = "<group>"; };
		81A5C77126807DF400012894 /* NSCalendar+PGCurrent.h */ = {isa = PBXFileReference; lastKnownFileType = sourcecode.c.h; path = "NSCalendar+PGCurrent.h"; sourceTree = "<group>"; };
		81A5C77226807DF400012894 /* NSCalendar+PGCurrent.m */ = {isa = PBXFileReference; lastKnownFileType = sourcecode.c.objc; path = "NSCalendar+PGCurrent.m"; sourceTree = "<group>"; };
		81A5C77326807DF400012894 /* NSDate+PGCategory.h */ = {isa = PBXFileReference; lastKnownFileType = sourcecode.c.h; path = "NSDate+PGCategory.h"; sourceTree = "<group>"; };
		81A5C77426807DF400012894 /* NSDate+PGCategory.m */ = {isa = PBXFileReference; lastKnownFileType = sourcecode.c.objc; path = "NSDate+PGCategory.m"; sourceTree = "<group>"; };
		81A5C77526807DF400012894 /* PGDatePicker.h */ = {isa = PBXFileReference; lastKnownFileType = sourcecode.c.h; path = PGDatePicker.h; sourceTree = "<group>"; };
		81A5C77626807DF400012894 /* PGDatePicker.m */ = {isa = PBXFileReference; lastKnownFileType = sourcecode.c.objc; path = PGDatePicker.m; sourceTree = "<group>"; };
		81A5C77726807DF400012894 /* PGDatePicker+Common.h */ = {isa = PBXFileReference; lastKnownFileType = sourcecode.c.h; path = "PGDatePicker+Common.h"; sourceTree = "<group>"; };
		81A5C77826807DF400012894 /* PGDatePicker+Common.m */ = {isa = PBXFileReference; lastKnownFileType = sourcecode.c.objc; path = "PGDatePicker+Common.m"; sourceTree = "<group>"; };
		81A5C77926807DF400012894 /* PGDatePicker+Date.h */ = {isa = PBXFileReference; lastKnownFileType = sourcecode.c.h; path = "PGDatePicker+Date.h"; sourceTree = "<group>"; };
		81A5C77A26807DF400012894 /* PGDatePicker+Date.m */ = {isa = PBXFileReference; lastKnownFileType = sourcecode.c.objc; path = "PGDatePicker+Date.m"; sourceTree = "<group>"; };
		81A5C77B26807DF400012894 /* PGDatePicker+DateAndTime.h */ = {isa = PBXFileReference; lastKnownFileType = sourcecode.c.h; path = "PGDatePicker+DateAndTime.h"; sourceTree = "<group>"; };
		81A5C77C26807DF400012894 /* PGDatePicker+DateAndTime.m */ = {isa = PBXFileReference; lastKnownFileType = sourcecode.c.objc; path = "PGDatePicker+DateAndTime.m"; sourceTree = "<group>"; };
		81A5C77D26807DF400012894 /* PGDatePicker+DateHour.h */ = {isa = PBXFileReference; lastKnownFileType = sourcecode.c.h; path = "PGDatePicker+DateHour.h"; sourceTree = "<group>"; };
		81A5C77E26807DF400012894 /* PGDatePicker+DateHour.m */ = {isa = PBXFileReference; lastKnownFileType = sourcecode.c.objc; path = "PGDatePicker+DateHour.m"; sourceTree = "<group>"; };
		81A5C77F26807DF400012894 /* PGDatePicker+DateHourMinute.h */ = {isa = PBXFileReference; lastKnownFileType = sourcecode.c.h; path = "PGDatePicker+DateHourMinute.h"; sourceTree = "<group>"; };
		81A5C78026807DF400012894 /* PGDatePicker+DateHourMinute.m */ = {isa = PBXFileReference; lastKnownFileType = sourcecode.c.objc; path = "PGDatePicker+DateHourMinute.m"; sourceTree = "<group>"; };
		81A5C78126807DF400012894 /* PGDatePicker+DateHourMinuteSecond.h */ = {isa = PBXFileReference; lastKnownFileType = sourcecode.c.h; path = "PGDatePicker+DateHourMinuteSecond.h"; sourceTree = "<group>"; };
		81A5C78226807DF400012894 /* PGDatePicker+DateHourMinuteSecond.m */ = {isa = PBXFileReference; lastKnownFileType = sourcecode.c.objc; path = "PGDatePicker+DateHourMinuteSecond.m"; sourceTree = "<group>"; };
		81A5C78326807DF400012894 /* PGDatePicker+Logic.h */ = {isa = PBXFileReference; lastKnownFileType = sourcecode.c.h; path = "PGDatePicker+Logic.h"; sourceTree = "<group>"; };
		81A5C78426807DF400012894 /* PGDatePicker+Logic.m */ = {isa = PBXFileReference; lastKnownFileType = sourcecode.c.objc; path = "PGDatePicker+Logic.m"; sourceTree = "<group>"; };
		81A5C78526807DF400012894 /* PGDatePicker+MinuteAndSecond.h */ = {isa = PBXFileReference; lastKnownFileType = sourcecode.c.h; path = "PGDatePicker+MinuteAndSecond.h"; sourceTree = "<group>"; };
		81A5C78626807DF400012894 /* PGDatePicker+MinuteAndSecond.m */ = {isa = PBXFileReference; lastKnownFileType = sourcecode.c.objc; path = "PGDatePicker+MinuteAndSecond.m"; sourceTree = "<group>"; };
		81A5C78726807DF400012894 /* PGDatePicker+MonthDay.h */ = {isa = PBXFileReference; lastKnownFileType = sourcecode.c.h; path = "PGDatePicker+MonthDay.h"; sourceTree = "<group>"; };
		81A5C78826807DF400012894 /* PGDatePicker+MonthDay.m */ = {isa = PBXFileReference; lastKnownFileType = sourcecode.c.objc; path = "PGDatePicker+MonthDay.m"; sourceTree = "<group>"; };
		81A5C78926807DF400012894 /* PGDatePicker+MonthDayHour.h */ = {isa = PBXFileReference; lastKnownFileType = sourcecode.c.h; path = "PGDatePicker+MonthDayHour.h"; sourceTree = "<group>"; };
		81A5C78A26807DF400012894 /* PGDatePicker+MonthDayHour.m */ = {isa = PBXFileReference; lastKnownFileType = sourcecode.c.objc; path = "PGDatePicker+MonthDayHour.m"; sourceTree = "<group>"; };
		81A5C78B26807DF400012894 /* PGDatePicker+MonthDayHourMinute.h */ = {isa = PBXFileReference; lastKnownFileType = sourcecode.c.h; path = "PGDatePicker+MonthDayHourMinute.h"; sourceTree = "<group>"; };
		81A5C78C26807DF400012894 /* PGDatePicker+MonthDayHourMinute.m */ = {isa = PBXFileReference; lastKnownFileType = sourcecode.c.objc; path = "PGDatePicker+MonthDayHourMinute.m"; sourceTree = "<group>"; };
		81A5C78D26807DF400012894 /* PGDatePicker+MonthDayHourMinuteSecond.h */ = {isa = PBXFileReference; lastKnownFileType = sourcecode.c.h; path = "PGDatePicker+MonthDayHourMinuteSecond.h"; sourceTree = "<group>"; };
		81A5C78E26807DF400012894 /* PGDatePicker+MonthDayHourMinuteSecond.m */ = {isa = PBXFileReference; lastKnownFileType = sourcecode.c.objc; path = "PGDatePicker+MonthDayHourMinuteSecond.m"; sourceTree = "<group>"; };
		81A5C78F26807DF400012894 /* PGDatePicker+Time.h */ = {isa = PBXFileReference; lastKnownFileType = sourcecode.c.h; path = "PGDatePicker+Time.h"; sourceTree = "<group>"; };
		81A5C79026807DF400012894 /* PGDatePicker+Time.m */ = {isa = PBXFileReference; lastKnownFileType = sourcecode.c.objc; path = "PGDatePicker+Time.m"; sourceTree = "<group>"; };
		81A5C79126807DF400012894 /* PGDatePicker+TimeAndSecond.h */ = {isa = PBXFileReference; lastKnownFileType = sourcecode.c.h; path = "PGDatePicker+TimeAndSecond.h"; sourceTree = "<group>"; };
		81A5C79226807DF400012894 /* PGDatePicker+TimeAndSecond.m */ = {isa = PBXFileReference; lastKnownFileType = sourcecode.c.objc; path = "PGDatePicker+TimeAndSecond.m"; sourceTree = "<group>"; };
		81A5C79326807DF400012894 /* PGDatePicker+Year.h */ = {isa = PBXFileReference; lastKnownFileType = sourcecode.c.h; path = "PGDatePicker+Year.h"; sourceTree = "<group>"; };
		81A5C79426807DF400012894 /* PGDatePicker+Year.m */ = {isa = PBXFileReference; lastKnownFileType = sourcecode.c.objc; path = "PGDatePicker+Year.m"; sourceTree = "<group>"; };
		81A5C79526807DF400012894 /* PGDatePicker+YearAndMonth.h */ = {isa = PBXFileReference; lastKnownFileType = sourcecode.c.h; path = "PGDatePicker+YearAndMonth.h"; sourceTree = "<group>"; };
		81A5C79626807DF400012894 /* PGDatePicker+YearAndMonth.m */ = {isa = PBXFileReference; lastKnownFileType = sourcecode.c.objc; path = "PGDatePicker+YearAndMonth.m"; sourceTree = "<group>"; };
		81A5C79726807DF400012894 /* PGDatePickerHeader.h */ = {isa = PBXFileReference; lastKnownFileType = sourcecode.c.h; path = PGDatePickerHeader.h; sourceTree = "<group>"; };
		81A5C79826807DF400012894 /* PGDatePickerView.h */ = {isa = PBXFileReference; lastKnownFileType = sourcecode.c.h; path = PGDatePickerView.h; sourceTree = "<group>"; };
		81A5C79926807DF400012894 /* PGDatePickerView.m */ = {isa = PBXFileReference; lastKnownFileType = sourcecode.c.objc; path = PGDatePickerView.m; sourceTree = "<group>"; };
		81A5C79A26807DF400012894 /* PGDatePickManager.h */ = {isa = PBXFileReference; lastKnownFileType = sourcecode.c.h; path = PGDatePickManager.h; sourceTree = "<group>"; };
		81A5C79B26807DF400012894 /* PGDatePickManager.m */ = {isa = PBXFileReference; lastKnownFileType = sourcecode.c.objc; path = PGDatePickManager.m; sourceTree = "<group>"; };
		81A5C79C26807DF400012894 /* PGDatePickManagerHeaderView.h */ = {isa = PBXFileReference; lastKnownFileType = sourcecode.c.h; path = PGDatePickManagerHeaderView.h; sourceTree = "<group>"; };
		81A5C79D26807DF400012894 /* PGDatePickManagerHeaderView.m */ = {isa = PBXFileReference; lastKnownFileType = sourcecode.c.objc; path = PGDatePickManagerHeaderView.m; sourceTree = "<group>"; };
		81A5C79E26807DF400012894 /* PGEnumeration.h */ = {isa = PBXFileReference; lastKnownFileType = sourcecode.c.h; path = PGEnumeration.h; sourceTree = "<group>"; };
		81A5C79F26807DF400012894 /* UIColor+PGHex.h */ = {isa = PBXFileReference; lastKnownFileType = sourcecode.c.h; path = "UIColor+PGHex.h"; sourceTree = "<group>"; };
		81A5C7A026807DF400012894 /* UIColor+PGHex.m */ = {isa = PBXFileReference; lastKnownFileType = sourcecode.c.objc; path = "UIColor+PGHex.m"; sourceTree = "<group>"; };
		81A5C7A226807DF400012894 /* PGPickerColumnCell.h */ = {isa = PBXFileReference; lastKnownFileType = sourcecode.c.h; path = PGPickerColumnCell.h; sourceTree = "<group>"; };
		81A5C7A326807DF400012894 /* PGPickerColumnCell.m */ = {isa = PBXFileReference; lastKnownFileType = sourcecode.c.objc; path = PGPickerColumnCell.m; sourceTree = "<group>"; };
		81A5C7A426807DF400012894 /* PGPickerColumnView.h */ = {isa = PBXFileReference; lastKnownFileType = sourcecode.c.h; path = PGPickerColumnView.h; sourceTree = "<group>"; };
		81A5C7A526807DF400012894 /* PGPickerColumnView.m */ = {isa = PBXFileReference; lastKnownFileType = sourcecode.c.objc; path = PGPickerColumnView.m; sourceTree = "<group>"; };
		81A5C7A626807DF400012894 /* PGPickerTableView.h */ = {isa = PBXFileReference; lastKnownFileType = sourcecode.c.h; path = PGPickerTableView.h; sourceTree = "<group>"; };
		81A5C7A726807DF400012894 /* PGPickerTableView.m */ = {isa = PBXFileReference; lastKnownFileType = sourcecode.c.objc; path = PGPickerTableView.m; sourceTree = "<group>"; };
		81A5C7A826807DF400012894 /* PGPickerView.h */ = {isa = PBXFileReference; lastKnownFileType = sourcecode.c.h; path = PGPickerView.h; sourceTree = "<group>"; };
		81A5C7A926807DF400012894 /* PGPickerView.m */ = {isa = PBXFileReference; lastKnownFileType = sourcecode.c.objc; path = PGPickerView.m; sourceTree = "<group>"; };
		81A5C7AC26807DF400012894 /* TreeTable.h */ = {isa = PBXFileReference; lastKnownFileType = sourcecode.c.h; path = TreeTable.h; sourceTree = "<group>"; };
		81A5C7AD26807DF400012894 /* TreeTable.m */ = {isa = PBXFileReference; lastKnownFileType = sourcecode.c.objc; path = TreeTable.m; sourceTree = "<group>"; };
		81A5C7AF26807DF400012894 /* UUMarqueeView.h */ = {isa = PBXFileReference; lastKnownFileType = sourcecode.c.h; path = UUMarqueeView.h; sourceTree = "<group>"; };
		81A5C7B026807DF400012894 /* UUMarqueeView.m */ = {isa = PBXFileReference; lastKnownFileType = sourcecode.c.objc; path = UUMarqueeView.m; sourceTree = "<group>"; };
		81A5C7B326807DF400012894 /* DependenceOperation.swift */ = {isa = PBXFileReference; lastKnownFileType = sourcecode.swift; path = DependenceOperation.swift; sourceTree = "<group>"; };
		81A5C7B526807DF400012894 /* AppKeychainIdentifer.h */ = {isa = PBXFileReference; lastKnownFileType = sourcecode.c.h; path = AppKeychainIdentifer.h; sourceTree = "<group>"; };
		81A5C7B626807DF400012894 /* AppKeychainIdentifer.m */ = {isa = PBXFileReference; lastKnownFileType = sourcecode.c.objc; path = AppKeychainIdentifer.m; sourceTree = "<group>"; };
		81A5C7B726807DF400012894 /* ApplicationManager.h */ = {isa = PBXFileReference; lastKnownFileType = sourcecode.c.h; path = ApplicationManager.h; sourceTree = "<group>"; };
		81A5C7B826807DF400012894 /* ApplicationManager.m */ = {isa = PBXFileReference; lastKnownFileType = sourcecode.c.objc; path = ApplicationManager.m; sourceTree = "<group>"; };
		81A5C7B926807DF400012894 /* AuthorizationManager.h */ = {isa = PBXFileReference; lastKnownFileType = sourcecode.c.h; path = AuthorizationManager.h; sourceTree = "<group>"; };
		81A5C7BA26807DF400012894 /* AuthorizationManager.m */ = {isa = PBXFileReference; lastKnownFileType = sourcecode.c.objc; path = AuthorizationManager.m; sourceTree = "<group>"; };
		81A5C7BB26807DF400012894 /* GenericPanGestureHandler.swift */ = {isa = PBXFileReference; lastKnownFileType = sourcecode.swift; path = GenericPanGestureHandler.swift; sourceTree = "<group>"; };
		81A5C7BC26807DF400012894 /* VideoTool.h */ = {isa = PBXFileReference; lastKnownFileType = sourcecode.c.h; path = VideoTool.h; sourceTree = "<group>"; };
		81A5C7BD26807DF400012894 /* VideoTool.m */ = {isa = PBXFileReference; lastKnownFileType = sourcecode.c.objc; path = VideoTool.m; sourceTree = "<group>"; };
		81A5C7BE26807DF400012894 /* SpeechSynthesizer.h */ = {isa = PBXFileReference; lastKnownFileType = sourcecode.c.h; path = SpeechSynthesizer.h; sourceTree = "<group>"; };
		81A5C7BF26807DF400012894 /* SpeechSynthesizer.m */ = {isa = PBXFileReference; lastKnownFileType = sourcecode.c.objc; path = SpeechSynthesizer.m; sourceTree = "<group>"; };
		81A5C7C226807DF400012894 /* LayoutExtensin.swift */ = {isa = PBXFileReference; lastKnownFileType = sourcecode.swift; path = LayoutExtensin.swift; sourceTree = "<group>"; };
		81A5C7C626807DF400012894 /* CryptoTool.swift */ = {isa = PBXFileReference; lastKnownFileType = sourcecode.swift; name = CryptoTool.swift; path = AppDevelopModule/Crypto/CryptoTool.swift; sourceTree = "<group>"; };
		81A5C7C726807DF400012894 /* DESTool.h */ = {isa = PBXFileReference; lastKnownFileType = sourcecode.c.h; name = DESTool.h; path = AppDevelopModule/Crypto/DESTool.h; sourceTree = "<group>"; };
		81A5C7C826807DF400012894 /* DESTool.m */ = {isa = PBXFileReference; lastKnownFileType = sourcecode.c.objc; name = DESTool.m; path = AppDevelopModule/Crypto/DESTool.m; sourceTree = "<group>"; };
		81A5C7CA26807DF400012894 /* HUDHelper.swift */ = {isa = PBXFileReference; lastKnownFileType = sourcecode.swift; name = HUDHelper.swift; path = AppDevelopModule/Hud/HUDHelper.swift; sourceTree = "<group>"; };
		81A5C7CC26807DF400012894 /* JZLocationConverter.h */ = {isa = PBXFileReference; lastKnownFileType = sourcecode.c.h; path = JZLocationConverter.h; sourceTree = "<group>"; };
		81A5C7CD26807DF400012894 /* JZLocationConverter.m */ = {isa = PBXFileReference; lastKnownFileType = sourcecode.c.objc; path = JZLocationConverter.m; sourceTree = "<group>"; };
		81A5C7CF26807DF400012894 /* MapGuideManager.h */ = {isa = PBXFileReference; lastKnownFileType = sourcecode.c.h; path = MapGuideManager.h; sourceTree = "<group>"; };
		81A5C7D026807DF400012894 /* MapGuideManager.m */ = {isa = PBXFileReference; lastKnownFileType = sourcecode.c.objc; path = MapGuideManager.m; sourceTree = "<group>"; };
		81A5C7D326807DF400012894 /* NetworkManager.swift */ = {isa = PBXFileReference; lastKnownFileType = sourcecode.swift; name = NetworkManager.swift; path = AppDevelopModule/Network/NetworkManager.swift; sourceTree = "<group>"; };
		81A5C7D526807DF400012894 /* AppDevelopModule.podspec */ = {isa = PBXFileReference; explicitFileType = text.script.ruby; path = AppDevelopModule.podspec; sourceTree = "<group>"; };
		81A5C7D626807DF400012894 /* LICENSE */ = {isa = PBXFileReference; lastKnownFileType = text; path = LICENSE; sourceTree = "<group>"; };
		81A5C7D726807DF400012894 /* README.md */ = {isa = PBXFileReference; lastKnownFileType = net.daringfireball.markdown; path = README.md; sourceTree = "<group>"; };
		81A5C7D926807DF400012894 /* AppDevelopModule.modulemap */ = {isa = PBXFileReference; lastKnownFileType = "sourcecode.module-map"; path = AppDevelopModule.modulemap; sourceTree = "<group>"; };
		81A5C7DA26807DF400012894 /* AppDevelopModule-dummy.m */ = {isa = PBXFileReference; lastKnownFileType = sourcecode.c.objc; path = "AppDevelopModule-dummy.m"; sourceTree = "<group>"; };
		81A5C7DB26807DF400012894 /* AppDevelopModule-Info.plist */ = {isa = PBXFileReference; lastKnownFileType = text.plist.xml; path = "AppDevelopModule-Info.plist"; sourceTree = "<group>"; };
		81A5C7DC26807DF400012894 /* AppDevelopModule-prefix.pch */ = {isa = PBXFileReference; lastKnownFileType = sourcecode.c.h; path = "AppDevelopModule-prefix.pch"; sourceTree = "<group>"; };
		81A5C7DD26807DF400012894 /* AppDevelopModule-umbrella.h */ = {isa = PBXFileReference; lastKnownFileType = sourcecode.c.h; path = "AppDevelopModule-umbrella.h"; sourceTree = "<group>"; };
		81A5C7DE26807DF400012894 /* AppDevelopModule.debug.xcconfig */ = {isa = PBXFileReference; lastKnownFileType = text.xcconfig; path = AppDevelopModule.debug.xcconfig; sourceTree = "<group>"; };
		81A5C7DF26807DF400012894 /* AppDevelopModule.release.xcconfig */ = {isa = PBXFileReference; lastKnownFileType = text.xcconfig; path = AppDevelopModule.release.xcconfig; sourceTree = "<group>"; };
		81A5C7E326807E2700012894 /* ArrayExtension.swift */ = {isa = PBXFileReference; lastKnownFileType = sourcecode.swift; path = ArrayExtension.swift; sourceTree = "<group>"; };
		81A7500A2682DF3900B3F366 /* UILabel+Click.h */ = {isa = PBXFileReference; fileEncoding = 4; lastKnownFileType = sourcecode.c.h; path = "UILabel+Click.h"; sourceTree = "<group>"; };
		81A7500B2682DF3900B3F366 /* UILabel+Click.m */ = {isa = PBXFileReference; fileEncoding = 4; lastKnownFileType = sourcecode.c.objc; path = "UILabel+Click.m"; sourceTree = "<group>"; };
		81F9E42526B7D213001C8998 /* GradientColorView.swift */ = {isa = PBXFileReference; fileEncoding = 4; lastKnownFileType = sourcecode.swift; path = GradientColorView.swift; sourceTree = "<group>"; };
		81F9E42826B7D22C001C8998 /* CornerContainerView.swift */ = {isa = PBXFileReference; fileEncoding = 4; lastKnownFileType = sourcecode.swift; path = CornerContainerView.swift; sourceTree = "<group>"; };
		81F9E42C26B7D289001C8998 /* MaxLengthTextField.swift */ = {isa = PBXFileReference; fileEncoding = 4; lastKnownFileType = sourcecode.swift; path = MaxLengthTextField.swift; sourceTree = "<group>"; };
		81F9E42D26B7D289001C8998 /* MaxNumberTextField.swift */ = {isa = PBXFileReference; fileEncoding = 4; lastKnownFileType = sourcecode.swift; path = MaxNumberTextField.swift; sourceTree = "<group>"; };
		81F9E43126B7D29E001C8998 /* WLPaddingLabel.h */ = {isa = PBXFileReference; fileEncoding = 4; lastKnownFileType = sourcecode.c.h; path = WLPaddingLabel.h; sourceTree = "<group>"; };
		81F9E43226B7D29E001C8998 /* WLPaddingLabel.m */ = {isa = PBXFileReference; fileEncoding = 4; lastKnownFileType = sourcecode.c.objc; path = WLPaddingLabel.m; sourceTree = "<group>"; };
/* End PBXFileReference section */

/* Begin PBXFrameworksBuildPhase section */
		81576DC0250A1EAA00D5A30C /* Frameworks */ = {
			isa = PBXFrameworksBuildPhase;
			buildActionMask = 2147483647;
			files = (
				C32B05CA15937CB91FD024ED /* Pods_AppDevelopExample.framework in Frameworks */,
			);
			runOnlyForDeploymentPostprocessing = 0;
		};
/* End PBXFrameworksBuildPhase section */

/* Begin PBXGroup section */
		38F5EE82DB19184712E5FDA2 /* Pods */ = {
			isa = PBXGroup;
			children = (
				7A8A45EC8CC887B36E43F219 /* Pods-AppDevelopExample.debug.xcconfig */,
				508559AF1C040609886F78A2 /* Pods-AppDevelopExample.release.xcconfig */,
			);
			path = Pods;
			sourceTree = "<group>";
		};
		81576DBA250A1EAA00D5A30C = {
			isa = PBXGroup;
			children = (
				81576DC5250A1EAA00D5A30C /* AppDevelopExample */,
				81576DC4250A1EAA00D5A30C /* Products */,
				38F5EE82DB19184712E5FDA2 /* Pods */,
				D9A8F6BF73568E2D91FDC163 /* Frameworks */,
			);
			sourceTree = "<group>";
		};
		81576DC4250A1EAA00D5A30C /* Products */ = {
			isa = PBXGroup;
			children = (
				81576DC3250A1EAA00D5A30C /* AppDevelopExample.app */,
			);
			name = Products;
			sourceTree = "<group>";
		};
		81576DC5250A1EAA00D5A30C /* AppDevelopExample */ = {
			isa = PBXGroup;
			children = (
				81A5C7E126807DF400012894 /* AppDevelopModule */,
				81576DC6250A1EAA00D5A30C /* AppDelegate.swift */,
				81576DC8250A1EAA00D5A30C /* SceneDelegate.swift */,
				81576DCA250A1EAA00D5A30C /* ViewController.swift */,
				81576DCC250A1EAA00D5A30C /* Main.storyboard */,
				81576DCF250A1EAB00D5A30C /* Assets.xcassets */,
				81576DD1250A1EAB00D5A30C /* LaunchScreen.storyboard */,
				81576DD4250A1EAB00D5A30C /* Info.plist */,
				8106E3B0264E6A7900207B40 /* AppDevelopExample-Bridging-Header.h */,
			);
			path = AppDevelopExample;
			sourceTree = "<group>";
		};
		81A5C72E26807DF400012894 /* Algorithms */ = {
			isa = PBXGroup;
			children = (
				81A5C72D26807DF400012894 /* Algorithms.swift */,
			);
			name = Algorithms;
			sourceTree = "<group>";
		};
		81A5C73026807DF400012894 /* BaseDefine */ = {
			isa = PBXGroup;
			children = (
				81A5C72F26807DF400012894 /* AppDefinition.swift */,
			);
			name = BaseDefine;
			path = AppDevelopModule/Core/BaseDefine;
			sourceTree = "<group>";
		};
		81A5C73226807DF400012894 /* Data */ = {
			isa = PBXGroup;
			children = (
				81A5C73126807DF400012894 /* DataExtension.swift */,
			);
			path = Data;
			sourceTree = "<group>";
		};
		81A5C73426807DF400012894 /* Date */ = {
			isa = PBXGroup;
			children = (
				81A5C73326807DF400012894 /* DateExtension.swift */,
			);
			path = Date;
			sourceTree = "<group>";
		};
		81A5C73626807DF400012894 /* Dictionary */ = {
			isa = PBXGroup;
			children = (
				81A5C73526807DF400012894 /* DictionaryExtension.swift */,
			);
			path = Dictionary;
			sourceTree = "<group>";
		};
		81A5C73826807DF400012894 /* Number */ = {
			isa = PBXGroup;
			children = (
				81A5C73726807DF400012894 /* NumberExtension.swift */,
			);
			path = Number;
			sourceTree = "<group>";
		};
		81A5C73D26807DF400012894 /* String */ = {
			isa = PBXGroup;
			children = (
				81A5C73926807DF400012894 /* NSMutableAttributedStringExtension.swift */,
				81A5C73A26807DF400012894 /* NSURL+QMUI.h */,
				81A5C73B26807DF400012894 /* NSURL+QMUI.m */,
				81A5C73C26807DF400012894 /* StringExtension.swift */,
			);
			path = String;
			sourceTree = "<group>";
		};
		81A5C73F26807DF400012894 /* Timer */ = {
			isa = PBXGroup;
			children = (
				81A5C73E26807DF400012894 /* SwiftTimer.swift */,
			);
			path = Timer;
			sourceTree = "<group>";
		};
		81A5C74026807DF400012894 /* Foundation */ = {
			isa = PBXGroup;
			children = (
				81A5C7E226807E1500012894 /* Array */,
				81A5C73226807DF400012894 /* Data */,
				81A5C73426807DF400012894 /* Date */,
				81A5C73626807DF400012894 /* Dictionary */,
				81A5C73826807DF400012894 /* Number */,
				81A5C73D26807DF400012894 /* String */,
				81A5C73F26807DF400012894 /* Timer */,
			);
			path = Foundation;
			sourceTree = "<group>";
		};
		81A5C74226807DF400012894 /* Alert */ = {
			isa = PBXGroup;
			children = (
				81A5C74126807DF400012894 /* UIAlertControllerExtension.swift */,
			);
			path = Alert;
			sourceTree = "<group>";
		};
		81A5C74426807DF400012894 /* UIImage+Show */ = {
			isa = PBXGroup;
			children = (
				81A5C74326807DF400012894 /* UIImage+Show.swift */,
			);
			path = "UIImage+Show";
			sourceTree = "<group>";
		};
		81A5C74626807DF400012894 /* UIImageExtension */ = {
			isa = PBXGroup;
			children = (
				81A5C74526807DF400012894 /* UIImageExtension.swift */,
			);
			path = UIImageExtension;
			sourceTree = "<group>";
		};
		81A5C74926807DF400012894 /* UIViewController+ImagePicker */ = {
			isa = PBXGroup;
			children = (
				81A5C74726807DF400012894 /* UIViewController+ImagePicker.h */,
				81A5C74826807DF400012894 /* UIViewController+ImagePicker.m */,
			);
			path = "UIViewController+ImagePicker";
			sourceTree = "<group>";
		};
		81A5C74A26807DF400012894 /* Image */ = {
			isa = PBXGroup;
			children = (
				81A5C74426807DF400012894 /* UIImage+Show */,
				81A5C74626807DF400012894 /* UIImageExtension */,
				81A5C74926807DF400012894 /* UIViewController+ImagePicker */,
			);
			path = Image;
			sourceTree = "<group>";
		};
		81A5C75126807DF400012894 /* UIBarButtonItem+Badge */ = {
			isa = PBXGroup;
			children = (
				81A5C74F26807DF400012894 /* UIBarButtonItem+Badge.h */,
				81A5C75026807DF400012894 /* UIBarButtonItem+Badge.m */,
			);
			path = "UIBarButtonItem+Badge";
			sourceTree = "<group>";
		};
		81A5C75226807DF400012894 /* View */ = {
			isa = PBXGroup;
			children = (
				81A5C76926807DF400012894 /* UIView+YXAction.h */,
				81A5C76A26807DF400012894 /* UIView+YXAction.m */,
				81A7500A2682DF3900B3F366 /* UILabel+Click.h */,
				81A7500B2682DF3900B3F366 /* UILabel+Click.m */,
				81A5C74B26807DF400012894 /* UIButtonExtension.swift */,
				81A5C74C26807DF400012894 /* UITableView+FGTableHeaderView.h */,
				81A5C74D26807DF400012894 /* UITableView+FGTableHeaderView.m */,
				81A5C74E26807DF400012894 /* UIViewExtension.swift */,
				81A5C75126807DF400012894 /* UIBarButtonItem+Badge */,
			);
			path = View;
			sourceTree = "<group>";
		};
		81A5C75326807DF400012894 /* UIKit */ = {
			isa = PBXGroup;
			children = (
				81A5C74226807DF400012894 /* Alert */,
				81A5C74A26807DF400012894 /* Image */,
				81A5C75226807DF400012894 /* View */,
			);
			path = UIKit;
			sourceTree = "<group>";
		};
		81A5C75426807DF400012894 /* Extensions */ = {
			isa = PBXGroup;
			children = (
				81A5C74026807DF400012894 /* Foundation */,
				81A5C75326807DF400012894 /* UIKit */,
			);
			name = Extensions;
			path = AppDevelopModule/Core/Extensions;
			sourceTree = "<group>";
		};
		81A5C75A26807DF400012894 /* WLScroContentView */ = {
			isa = PBXGroup;
			children = (
				81A5C75926807DF400012894 /* WLScroContentView.swift */,
			);
			path = WLScroContentView;
			sourceTree = "<group>";
		};
		81A5C76326807DF400012894 /* empty */ = {
			isa = PBXGroup;
			children = (
				81A5C75E26807DF400012894 /* NDHeader.h */,
				81A5C75F26807DF400012894 /* UIView+NDEmpty.h */,
				81A5C76026807DF400012894 /* UIView+NDEmpty.m */,
				81A5C76126807DF400012894 /* UIView+NDViewFrame.h */,
				81A5C76226807DF400012894 /* UIView+NDViewFrame.m */,
			);
			path = empty;
			sourceTree = "<group>";
		};
		81A5C76426807DF400012894 /* BaseRefreshableTableView */ = {
			isa = PBXGroup;
			children = (
				81A5C75B26807DF400012894 /* BaseRefreshableTableView.h */,
				81A5C75C26807DF400012894 /* BaseRefreshableTableView.m */,
				81A5C75D26807DF400012894 /* BaseSwiftRefreshableTableView.swift */,
				81A5C76326807DF400012894 /* empty */,
			);
			path = BaseRefreshableTableView;
			sourceTree = "<group>";
		};
		81A5C76D26807DF400012894 /* DFTitleCellView */ = {
			isa = PBXGroup;
			children = (
				81A5C76526807DF400012894 /* DFTitleCellConfigModel.h */,
				81A5C76626807DF400012894 /* DFTitleCellConfigModel.m */,
				81A5C76726807DF400012894 /* DFTitleCellView.h */,
				81A5C76826807DF400012894 /* DFTitleCellView.m */,
				81A5C76B26807DF400012894 /* WLVerticalAlignmentLabel.h */,
				81A5C76C26807DF400012894 /* WLVerticalAlignmentLabel.m */,
			);
			path = DFTitleCellView;
			sourceTree = "<group>";
		};
		81A5C7A126807DF400012894 /* PGDatePicker */ = {
			isa = PBXGroup;
			children = (
				81A5C76F26807DF400012894 /* NSBundle+PGDatePicker.h */,
				81A5C77026807DF400012894 /* NSBundle+PGDatePicker.m */,
				81A5C77126807DF400012894 /* NSCalendar+PGCurrent.h */,
				81A5C77226807DF400012894 /* NSCalendar+PGCurrent.m */,
				81A5C77326807DF400012894 /* NSDate+PGCategory.h */,
				81A5C77426807DF400012894 /* NSDate+PGCategory.m */,
				81A5C77526807DF400012894 /* PGDatePicker.h */,
				81A5C77626807DF400012894 /* PGDatePicker.m */,
				81A5C77726807DF400012894 /* PGDatePicker+Common.h */,
				81A5C77826807DF400012894 /* PGDatePicker+Common.m */,
				81A5C77926807DF400012894 /* PGDatePicker+Date.h */,
				81A5C77A26807DF400012894 /* PGDatePicker+Date.m */,
				81A5C77B26807DF400012894 /* PGDatePicker+DateAndTime.h */,
				81A5C77C26807DF400012894 /* PGDatePicker+DateAndTime.m */,
				81A5C77D26807DF400012894 /* PGDatePicker+DateHour.h */,
				81A5C77E26807DF400012894 /* PGDatePicker+DateHour.m */,
				81A5C77F26807DF400012894 /* PGDatePicker+DateHourMinute.h */,
				81A5C78026807DF400012894 /* PGDatePicker+DateHourMinute.m */,
				81A5C78126807DF400012894 /* PGDatePicker+DateHourMinuteSecond.h */,
				81A5C78226807DF400012894 /* PGDatePicker+DateHourMinuteSecond.m */,
				81A5C78326807DF400012894 /* PGDatePicker+Logic.h */,
				81A5C78426807DF400012894 /* PGDatePicker+Logic.m */,
				81A5C78526807DF400012894 /* PGDatePicker+MinuteAndSecond.h */,
				81A5C78626807DF400012894 /* PGDatePicker+MinuteAndSecond.m */,
				81A5C78726807DF400012894 /* PGDatePicker+MonthDay.h */,
				81A5C78826807DF400012894 /* PGDatePicker+MonthDay.m */,
				81A5C78926807DF400012894 /* PGDatePicker+MonthDayHour.h */,
				81A5C78A26807DF400012894 /* PGDatePicker+MonthDayHour.m */,
				81A5C78B26807DF400012894 /* PGDatePicker+MonthDayHourMinute.h */,
				81A5C78C26807DF400012894 /* PGDatePicker+MonthDayHourMinute.m */,
				81A5C78D26807DF400012894 /* PGDatePicker+MonthDayHourMinuteSecond.h */,
				81A5C78E26807DF400012894 /* PGDatePicker+MonthDayHourMinuteSecond.m */,
				81A5C78F26807DF400012894 /* PGDatePicker+Time.h */,
				81A5C79026807DF400012894 /* PGDatePicker+Time.m */,
				81A5C79126807DF400012894 /* PGDatePicker+TimeAndSecond.h */,
				81A5C79226807DF400012894 /* PGDatePicker+TimeAndSecond.m */,
				81A5C79326807DF400012894 /* PGDatePicker+Year.h */,
				81A5C79426807DF400012894 /* PGDatePicker+Year.m */,
				81A5C79526807DF400012894 /* PGDatePicker+YearAndMonth.h */,
				81A5C79626807DF400012894 /* PGDatePicker+YearAndMonth.m */,
				81A5C79726807DF400012894 /* PGDatePickerHeader.h */,
				81A5C79826807DF400012894 /* PGDatePickerView.h */,
				81A5C79926807DF400012894 /* PGDatePickerView.m */,
				81A5C79A26807DF400012894 /* PGDatePickManager.h */,
				81A5C79B26807DF400012894 /* PGDatePickManager.m */,
				81A5C79C26807DF400012894 /* PGDatePickManagerHeaderView.h */,
				81A5C79D26807DF400012894 /* PGDatePickManagerHeaderView.m */,
				81A5C79E26807DF400012894 /* PGEnumeration.h */,
				81A5C79F26807DF400012894 /* UIColor+PGHex.h */,
				81A5C7A026807DF400012894 /* UIColor+PGHex.m */,
			);
			path = PGDatePicker;
			sourceTree = "<group>";
		};
		81A5C7AA26807DF400012894 /* PGPickerView */ = {
			isa = PBXGroup;
			children = (
				81A5C7A226807DF400012894 /* PGPickerColumnCell.h */,
				81A5C7A326807DF400012894 /* PGPickerColumnCell.m */,
				81A5C7A426807DF400012894 /* PGPickerColumnView.h */,
				81A5C7A526807DF400012894 /* PGPickerColumnView.m */,
				81A5C7A626807DF400012894 /* PGPickerTableView.h */,
				81A5C7A726807DF400012894 /* PGPickerTableView.m */,
				81A5C7A826807DF400012894 /* PGPickerView.h */,
				81A5C7A926807DF400012894 /* PGPickerView.m */,
			);
			path = PGPickerView;
			sourceTree = "<group>";
		};
		81A5C7AB26807DF400012894 /* PGDatePicker */ = {
			isa = PBXGroup;
			children = (
				81A5C76E26807DF400012894 /* PGDatePickerManager.swift */,
				81A5C7A126807DF400012894 /* PGDatePicker */,
				81A5C7AA26807DF400012894 /* PGPickerView */,
			);
			path = PGDatePicker;
			sourceTree = "<group>";
		};
		81A5C7AE26807DF400012894 /* TreeTable */ = {
			isa = PBXGroup;
			children = (
				81A5C7AC26807DF400012894 /* TreeTable.h */,
				81A5C7AD26807DF400012894 /* TreeTable.m */,
			);
			path = TreeTable;
			sourceTree = "<group>";
		};
		81A5C7B126807DF400012894 /* UUMarqueeView[跑马灯] */ = {
			isa = PBXGroup;
			children = (
				81A5C7AF26807DF400012894 /* UUMarqueeView.h */,
				81A5C7B026807DF400012894 /* UUMarqueeView.m */,
			);
			path = "UUMarqueeView[跑马灯]";
			sourceTree = "<group>";
		};
		81A5C7B226807DF400012894 /* GeneralView */ = {
			isa = PBXGroup;
			children = (
				81A5C75626807DF400012894 /* MutiSelectView.swift */,
				81A5C75726807DF400012894 /* THDrawView.swift */,
				81A5C75826807DF400012894 /* WindowCallOutView.swift */,
				81F9E43026B7D29E001C8998 /* WLPaddingLabel */,
				81F9E42B26B7D289001C8998 /* CusTextField */,
				81F9E42A26B7D242001C8998 /* NDAlertController */,
				81F9E42726B7D22C001C8998 /* CornerContainerView */,
				81F9E42426B7D213001C8998 /* GradientColorView */,
				81F9E42326B7D197001C8998 /* KMPlaceholderTextView */,
				81A5C75A26807DF400012894 /* WLScroContentView */,
				81A5C76426807DF400012894 /* BaseRefreshableTableView */,
				81A5C76D26807DF400012894 /* DFTitleCellView */,
				81A5C7AB26807DF400012894 /* PGDatePicker */,
				81A5C7AE26807DF400012894 /* TreeTable */,
				81A5C7B126807DF400012894 /* UUMarqueeView[跑马灯] */,
			);
			name = GeneralView;
			path = AppDevelopModule/Core/GeneralView;
			sourceTree = "<group>";
		};
		81A5C7B426807DF400012894 /* Thread */ = {
			isa = PBXGroup;
			children = (
				81A5C7B326807DF400012894 /* DependenceOperation.swift */,
			);
			name = Thread;
			path = AppDevelopModule/Core/Thread;
			sourceTree = "<group>";
		};
		81A5C7C026807DF400012894 /* Speech[语音播报] */ = {
			isa = PBXGroup;
			children = (
				81A5C7BE26807DF400012894 /* SpeechSynthesizer.h */,
				81A5C7BF26807DF400012894 /* SpeechSynthesizer.m */,
			);
			path = "Speech[语音播报]";
			sourceTree = "<group>";
		};
		81A5C7C126807DF400012894 /* Tool */ = {
			isa = PBXGroup;
			children = (
				81A5C7B526807DF400012894 /* AppKeychainIdentifer.h */,
				81A5C7B626807DF400012894 /* AppKeychainIdentifer.m */,
				81A5C7B726807DF400012894 /* ApplicationManager.h */,
				81A5C7B826807DF400012894 /* ApplicationManager.m */,
				81A5C7B926807DF400012894 /* AuthorizationManager.h */,
				81A5C7BA26807DF400012894 /* AuthorizationManager.m */,
				81A5C7BB26807DF400012894 /* GenericPanGestureHandler.swift */,
				81A5C7BC26807DF400012894 /* VideoTool.h */,
				81A5C7BD26807DF400012894 /* VideoTool.m */,
				81A5C7C026807DF400012894 /* Speech[语音播报] */,
			);
			name = Tool;
			path = AppDevelopModule/Core/Tool;
			sourceTree = "<group>";
		};
		81A5C7C326807DF400012894 /* LayoutExtensin[xib约束适配] */ = {
			isa = PBXGroup;
			children = (
				81A5C7C226807DF400012894 /* LayoutExtensin.swift */,
			);
			path = "LayoutExtensin[xib约束适配]";
			sourceTree = "<group>";
		};
		81A5C7C426807DF400012894 /* Xib */ = {
			isa = PBXGroup;
			children = (
				81A5C7C326807DF400012894 /* LayoutExtensin[xib约束适配] */,
			);
			name = Xib;
			path = AppDevelopModule/Core/Xib;
			sourceTree = "<group>";
		};
		81A5C7C526807DF400012894 /* Core */ = {
			isa = PBXGroup;
			children = (
				81A5C73026807DF400012894 /* BaseDefine */,
				81A5C75426807DF400012894 /* Extensions */,
				81A5C7B226807DF400012894 /* GeneralView */,
				81A5C7B426807DF400012894 /* Thread */,
				81A5C7C126807DF400012894 /* Tool */,
				81A5C7C426807DF400012894 /* Xib */,
			);
			name = Core;
			sourceTree = "<group>";
		};
		81A5C7C926807DF400012894 /* Crypto */ = {
			isa = PBXGroup;
			children = (
				81A5C7C626807DF400012894 /* CryptoTool.swift */,
				81A5C7C726807DF400012894 /* DESTool.h */,
				81A5C7C826807DF400012894 /* DESTool.m */,
			);
			name = Crypto;
			sourceTree = "<group>";
		};
		81A5C7CB26807DF400012894 /* Hud */ = {
			isa = PBXGroup;
			children = (
				81A5C7CA26807DF400012894 /* HUDHelper.swift */,
			);
			name = Hud;
			sourceTree = "<group>";
		};
		81A5C7CE26807DF400012894 /* JZLocationConverter */ = {
			isa = PBXGroup;
			children = (
				81A5C7CC26807DF400012894 /* JZLocationConverter.h */,
				81A5C7CD26807DF400012894 /* JZLocationConverter.m */,
			);
			name = JZLocationConverter;
			path = AppDevelopModule/Map/JZLocationConverter;
			sourceTree = "<group>";
		};
		81A5C7D126807DF400012894 /* MapGuide */ = {
			isa = PBXGroup;
			children = (
				81A5C7CF26807DF400012894 /* MapGuideManager.h */,
				81A5C7D026807DF400012894 /* MapGuideManager.m */,
			);
			name = MapGuide;
			path = AppDevelopModule/Map/MapGuide;
			sourceTree = "<group>";
		};
		81A5C7D226807DF400012894 /* Map */ = {
			isa = PBXGroup;
			children = (
				81A5C7CE26807DF400012894 /* JZLocationConverter */,
				81A5C7D126807DF400012894 /* MapGuide */,
			);
			name = Map;
			sourceTree = "<group>";
		};
		81A5C7D426807DF400012894 /* Network */ = {
			isa = PBXGroup;
			children = (
				81A5C7D326807DF400012894 /* NetworkManager.swift */,
			);
			name = Network;
			sourceTree = "<group>";
		};
		81A5C7D826807DF400012894 /* Pod */ = {
			isa = PBXGroup;
			children = (
				81A5C7D526807DF400012894 /* AppDevelopModule.podspec */,
				81A5C7D626807DF400012894 /* LICENSE */,
				81A5C7D726807DF400012894 /* README.md */,
			);
			name = Pod;
			sourceTree = "<group>";
		};
		81A5C7E026807DF400012894 /* Support Files */ = {
			isa = PBXGroup;
			children = (
				81A5C7D926807DF400012894 /* AppDevelopModule.modulemap */,
				81A5C7DA26807DF400012894 /* AppDevelopModule-dummy.m */,
				81A5C7DB26807DF400012894 /* AppDevelopModule-Info.plist */,
				81A5C7DC26807DF400012894 /* AppDevelopModule-prefix.pch */,
				81A5C7DD26807DF400012894 /* AppDevelopModule-umbrella.h */,
				81A5C7DE26807DF400012894 /* AppDevelopModule.debug.xcconfig */,
				81A5C7DF26807DF400012894 /* AppDevelopModule.release.xcconfig */,
			);
			name = "Support Files";
			path = "AppDevelopExample/Pods/Target Support Files/AppDevelopModule";
			sourceTree = "<group>";
		};
		81A5C7E126807DF400012894 /* AppDevelopModule */ = {
			isa = PBXGroup;
			children = (
				81A5C72E26807DF400012894 /* Algorithms */,
				81A5C7C526807DF400012894 /* Core */,
				81A5C7C926807DF400012894 /* Crypto */,
				81A5C7CB26807DF400012894 /* Hud */,
				81A5C7D226807DF400012894 /* Map */,
				81A5C7D426807DF400012894 /* Network */,
				81A5C7D826807DF400012894 /* Pod */,
				81A5C7E026807DF400012894 /* Support Files */,
			);
			name = AppDevelopModule;
			path = Pods/../..;
			sourceTree = SOURCE_ROOT;
		};
		81A5C7E226807E1500012894 /* Array */ = {
			isa = PBXGroup;
			children = (
				81A5C7E326807E2700012894 /* ArrayExtension.swift */,
			);
			path = Array;
			sourceTree = "<group>";
		};
		81F9E42326B7D197001C8998 /* KMPlaceholderTextView */ = {
			isa = PBXGroup;
			children = (
				81A5C75526807DF400012894 /* KMPlaceholderTextView.swift */,
			);
			path = KMPlaceholderTextView;
			sourceTree = "<group>";
		};
		81F9E42426B7D213001C8998 /* GradientColorView */ = {
			isa = PBXGroup;
			children = (
				81F9E42526B7D213001C8998 /* GradientColorView.swift */,
			);
			path = GradientColorView;
			sourceTree = "<group>";
		};
		81F9E42726B7D22C001C8998 /* CornerContainerView */ = {
			isa = PBXGroup;
			children = (
				81F9E42826B7D22C001C8998 /* CornerContainerView.swift */,
			);
			path = CornerContainerView;
			sourceTree = "<group>";
		};
		81F9E42A26B7D242001C8998 /* NDAlertController */ = {
			isa = PBXGroup;
			children = (
				819F4E6B268B1D4000E59F3D /* NDAlertController.h */,
				819F4E6C268B1D4000E59F3D /* NDAlertController.m */,
			);
			path = NDAlertController;
			sourceTree = "<group>";
		};
		81F9E42B26B7D289001C8998 /* CusTextField */ = {
			isa = PBXGroup;
			children = (
				81F9E42C26B7D289001C8998 /* MaxLengthTextField.swift */,
				81F9E42D26B7D289001C8998 /* MaxNumberTextField.swift */,
			);
			path = CusTextField;
			sourceTree = "<group>";
		};
		81F9E43026B7D29E001C8998 /* WLPaddingLabel */ = {
			isa = PBXGroup;
			children = (
				81F9E43126B7D29E001C8998 /* WLPaddingLabel.h */,
				81F9E43226B7D29E001C8998 /* WLPaddingLabel.m */,
			);
			path = WLPaddingLabel;
			sourceTree = "<group>";
		};
		D9A8F6BF73568E2D91FDC163 /* Frameworks */ = {
			isa = PBXGroup;
			children = (
				0A34C1F8B27FE11B78FF4F06 /* Pods_AppDevelopExample.framework */,
			);
			name = Frameworks;
			sourceTree = "<group>";
		};
/* End PBXGroup section */

/* Begin PBXNativeTarget section */
		81576DC2250A1EAA00D5A30C /* AppDevelopExample */ = {
			isa = PBXNativeTarget;
			buildConfigurationList = 81576DD7250A1EAB00D5A30C /* Build configuration list for PBXNativeTarget "AppDevelopExample" */;
			buildPhases = (
				8FB5A6A0F25546AFEB365E39 /* [CP] Check Pods Manifest.lock */,
				81576DBF250A1EAA00D5A30C /* Sources */,
				81576DC0250A1EAA00D5A30C /* Frameworks */,
				81576DC1250A1EAA00D5A30C /* Resources */,
				2B5A97365D4470E773A1923D /* [CP] Embed Pods Frameworks */,
			);
			buildRules = (
			);
			dependencies = (
			);
			name = AppDevelopExample;
			productName = AppDevelopExample;
			productReference = 81576DC3250A1EAA00D5A30C /* AppDevelopExample.app */;
			productType = "com.apple.product-type.application";
		};
/* End PBXNativeTarget section */

/* Begin PBXProject section */
		81576DBB250A1EAA00D5A30C /* Project object */ = {
			isa = PBXProject;
			attributes = {
				LastSwiftUpdateCheck = 1130;
				LastUpgradeCheck = 1130;
				ORGANIZATIONNAME = "王立";
				TargetAttributes = {
					81576DC2250A1EAA00D5A30C = {
						CreatedOnToolsVersion = 11.3;
						LastSwiftMigration = 1250;
					};
				};
			};
			buildConfigurationList = 81576DBE250A1EAA00D5A30C /* Build configuration list for PBXProject "AppDevelopExample" */;
			compatibilityVersion = "Xcode 9.3";
			developmentRegion = en;
			hasScannedForEncodings = 0;
			knownRegions = (
				en,
				Base,
			);
			mainGroup = 81576DBA250A1EAA00D5A30C;
			productRefGroup = 81576DC4250A1EAA00D5A30C /* Products */;
			projectDirPath = "";
			projectRoot = "";
			targets = (
				81576DC2250A1EAA00D5A30C /* AppDevelopExample */,
			);
		};
/* End PBXProject section */

/* Begin PBXResourcesBuildPhase section */
		81576DC1250A1EAA00D5A30C /* Resources */ = {
			isa = PBXResourcesBuildPhase;
			buildActionMask = 2147483647;
			files = (
				81576DD3250A1EAB00D5A30C /* LaunchScreen.storyboard in Resources */,
				81576DD0250A1EAB00D5A30C /* Assets.xcassets in Resources */,
				81576DCE250A1EAA00D5A30C /* Main.storyboard in Resources */,
			);
			runOnlyForDeploymentPostprocessing = 0;
		};
/* End PBXResourcesBuildPhase section */

/* Begin PBXShellScriptBuildPhase section */
		2B5A97365D4470E773A1923D /* [CP] Embed Pods Frameworks */ = {
			isa = PBXShellScriptBuildPhase;
			buildActionMask = 2147483647;
			files = (
			);
			inputFileListPaths = (
				"${PODS_ROOT}/Target Support Files/Pods-AppDevelopExample/Pods-AppDevelopExample-frameworks-${CONFIGURATION}-input-files.xcfilelist",
			);
			name = "[CP] Embed Pods Frameworks";
			outputFileListPaths = (
				"${PODS_ROOT}/Target Support Files/Pods-AppDevelopExample/Pods-AppDevelopExample-frameworks-${CONFIGURATION}-output-files.xcfilelist",
			);
			runOnlyForDeploymentPostprocessing = 0;
			shellPath = /bin/sh;
			shellScript = "\"${PODS_ROOT}/Target Support Files/Pods-AppDevelopExample/Pods-AppDevelopExample-frameworks.sh\"\n";
			showEnvVarsInLog = 0;
		};
		8FB5A6A0F25546AFEB365E39 /* [CP] Check Pods Manifest.lock */ = {
			isa = PBXShellScriptBuildPhase;
			buildActionMask = 2147483647;
			files = (
			);
			inputFileListPaths = (
			);
			inputPaths = (
				"${PODS_PODFILE_DIR_PATH}/Podfile.lock",
				"${PODS_ROOT}/Manifest.lock",
			);
			name = "[CP] Check Pods Manifest.lock";
			outputFileListPaths = (
			);
			outputPaths = (
				"$(DERIVED_FILE_DIR)/Pods-AppDevelopExample-checkManifestLockResult.txt",
			);
			runOnlyForDeploymentPostprocessing = 0;
			shellPath = /bin/sh;
			shellScript = "diff \"${PODS_PODFILE_DIR_PATH}/Podfile.lock\" \"${PODS_ROOT}/Manifest.lock\" > /dev/null\nif [ $? != 0 ] ; then\n    # print error to STDERR\n    echo \"error: The sandbox is not in sync with the Podfile.lock. Run 'pod install' or update your CocoaPods installation.\" >&2\n    exit 1\nfi\n# This output is used by Xcode 'outputs' to avoid re-running this script phase.\necho \"SUCCESS\" > \"${SCRIPT_OUTPUT_FILE_0}\"\n";
			showEnvVarsInLog = 0;
		};
/* End PBXShellScriptBuildPhase section */

/* Begin PBXSourcesBuildPhase section */
		81576DBF250A1EAA00D5A30C /* Sources */ = {
			isa = PBXSourcesBuildPhase;
			buildActionMask = 2147483647;
			files = (
				81576DCB250A1EAA00D5A30C /* ViewController.swift in Sources */,
				81F9E42E26B7D289001C8998 /* MaxLengthTextField.swift in Sources */,
				81576DC7250A1EAA00D5A30C /* AppDelegate.swift in Sources */,
				81576DC9250A1EAA00D5A30C /* SceneDelegate.swift in Sources */,
				81F9E42926B7D22C001C8998 /* CornerContainerView.swift in Sources */,
				81F9E43326B7D29E001C8998 /* WLPaddingLabel.m in Sources */,
				81F9E42F26B7D289001C8998 /* MaxNumberTextField.swift in Sources */,
				81F9E42626B7D213001C8998 /* GradientColorView.swift in Sources */,
				81A7500C2682DF3900B3F366 /* UILabel+Click.m in Sources */,
				819F4E6D268B1D4000E59F3D /* NDAlertController.m in Sources */,
				81A5C7E426807E2700012894 /* ArrayExtension.swift in Sources */,
			);
			runOnlyForDeploymentPostprocessing = 0;
		};
/* End PBXSourcesBuildPhase section */

/* Begin PBXVariantGroup section */
		81576DCC250A1EAA00D5A30C /* Main.storyboard */ = {
			isa = PBXVariantGroup;
			children = (
				81576DCD250A1EAA00D5A30C /* Base */,
			);
			name = Main.storyboard;
			sourceTree = "<group>";
		};
		81576DD1250A1EAB00D5A30C /* LaunchScreen.storyboard */ = {
			isa = PBXVariantGroup;
			children = (
				81576DD2250A1EAB00D5A30C /* Base */,
			);
			name = LaunchScreen.storyboard;
			sourceTree = "<group>";
		};
/* End PBXVariantGroup section */

/* Begin XCBuildConfiguration section */
		81576DD5250A1EAB00D5A30C /* Debug */ = {
			isa = XCBuildConfiguration;
			buildSettings = {
				ALWAYS_SEARCH_USER_PATHS = NO;
				CLANG_ANALYZER_NONNULL = YES;
				CLANG_ANALYZER_NUMBER_OBJECT_CONVERSION = YES_AGGRESSIVE;
				CLANG_CXX_LANGUAGE_STANDARD = "gnu++14";
				CLANG_CXX_LIBRARY = "libc++";
				CLANG_ENABLE_MODULES = YES;
				CLANG_ENABLE_OBJC_ARC = YES;
				CLANG_ENABLE_OBJC_WEAK = YES;
				CLANG_WARN_BLOCK_CAPTURE_AUTORELEASING = YES;
				CLANG_WARN_BOOL_CONVERSION = YES;
				CLANG_WARN_COMMA = YES;
				CLANG_WARN_CONSTANT_CONVERSION = YES;
				CLANG_WARN_DEPRECATED_OBJC_IMPLEMENTATIONS = YES;
				CLANG_WARN_DIRECT_OBJC_ISA_USAGE = YES_ERROR;
				CLANG_WARN_DOCUMENTATION_COMMENTS = YES;
				CLANG_WARN_EMPTY_BODY = YES;
				CLANG_WARN_ENUM_CONVERSION = YES;
				CLANG_WARN_INFINITE_RECURSION = YES;
				CLANG_WARN_INT_CONVERSION = YES;
				CLANG_WARN_NON_LITERAL_NULL_CONVERSION = YES;
				CLANG_WARN_OBJC_IMPLICIT_RETAIN_SELF = YES;
				CLANG_WARN_OBJC_LITERAL_CONVERSION = YES;
				CLANG_WARN_OBJC_ROOT_CLASS = YES_ERROR;
				CLANG_WARN_RANGE_LOOP_ANALYSIS = YES;
				CLANG_WARN_STRICT_PROTOTYPES = YES;
				CLANG_WARN_SUSPICIOUS_MOVE = YES;
				CLANG_WARN_UNGUARDED_AVAILABILITY = YES_AGGRESSIVE;
				CLANG_WARN_UNREACHABLE_CODE = YES;
				CLANG_WARN__DUPLICATE_METHOD_MATCH = YES;
				COPY_PHASE_STRIP = NO;
				DEBUG_INFORMATION_FORMAT = dwarf;
				ENABLE_STRICT_OBJC_MSGSEND = YES;
				ENABLE_TESTABILITY = YES;
				GCC_C_LANGUAGE_STANDARD = gnu11;
				GCC_DYNAMIC_NO_PIC = NO;
				GCC_NO_COMMON_BLOCKS = YES;
				GCC_OPTIMIZATION_LEVEL = 0;
				GCC_PREPROCESSOR_DEFINITIONS = (
					"DEBUG=1",
					"$(inherited)",
				);
				GCC_WARN_64_TO_32_BIT_CONVERSION = YES;
				GCC_WARN_ABOUT_RETURN_TYPE = YES_ERROR;
				GCC_WARN_UNDECLARED_SELECTOR = YES;
				GCC_WARN_UNINITIALIZED_AUTOS = YES_AGGRESSIVE;
				GCC_WARN_UNUSED_FUNCTION = YES;
				GCC_WARN_UNUSED_VARIABLE = YES;
				IPHONEOS_DEPLOYMENT_TARGET = 13.2;
				MTL_ENABLE_DEBUG_INFO = INCLUDE_SOURCE;
				MTL_FAST_MATH = YES;
				ONLY_ACTIVE_ARCH = YES;
				SDKROOT = iphoneos;
				SWIFT_ACTIVE_COMPILATION_CONDITIONS = DEBUG;
				SWIFT_OPTIMIZATION_LEVEL = "-Onone";
			};
			name = Debug;
		};
		81576DD6250A1EAB00D5A30C /* Release */ = {
			isa = XCBuildConfiguration;
			buildSettings = {
				ALWAYS_SEARCH_USER_PATHS = NO;
				CLANG_ANALYZER_NONNULL = YES;
				CLANG_ANALYZER_NUMBER_OBJECT_CONVERSION = YES_AGGRESSIVE;
				CLANG_CXX_LANGUAGE_STANDARD = "gnu++14";
				CLANG_CXX_LIBRARY = "libc++";
				CLANG_ENABLE_MODULES = YES;
				CLANG_ENABLE_OBJC_ARC = YES;
				CLANG_ENABLE_OBJC_WEAK = YES;
				CLANG_WARN_BLOCK_CAPTURE_AUTORELEASING = YES;
				CLANG_WARN_BOOL_CONVERSION = YES;
				CLANG_WARN_COMMA = YES;
				CLANG_WARN_CONSTANT_CONVERSION = YES;
				CLANG_WARN_DEPRECATED_OBJC_IMPLEMENTATIONS = YES;
				CLANG_WARN_DIRECT_OBJC_ISA_USAGE = YES_ERROR;
				CLANG_WARN_DOCUMENTATION_COMMENTS = YES;
				CLANG_WARN_EMPTY_BODY = YES;
				CLANG_WARN_ENUM_CONVERSION = YES;
				CLANG_WARN_INFINITE_RECURSION = YES;
				CLANG_WARN_INT_CONVERSION = YES;
				CLANG_WARN_NON_LITERAL_NULL_CONVERSION = YES;
				CLANG_WARN_OBJC_IMPLICIT_RETAIN_SELF = YES;
				CLANG_WARN_OBJC_LITERAL_CONVERSION = YES;
				CLANG_WARN_OBJC_ROOT_CLASS = YES_ERROR;
				CLANG_WARN_RANGE_LOOP_ANALYSIS = YES;
				CLANG_WARN_STRICT_PROTOTYPES = YES;
				CLANG_WARN_SUSPICIOUS_MOVE = YES;
				CLANG_WARN_UNGUARDED_AVAILABILITY = YES_AGGRESSIVE;
				CLANG_WARN_UNREACHABLE_CODE = YES;
				CLANG_WARN__DUPLICATE_METHOD_MATCH = YES;
				COPY_PHASE_STRIP = NO;
				DEBUG_INFORMATION_FORMAT = "dwarf-with-dsym";
				ENABLE_NS_ASSERTIONS = NO;
				ENABLE_STRICT_OBJC_MSGSEND = YES;
				GCC_C_LANGUAGE_STANDARD = gnu11;
				GCC_NO_COMMON_BLOCKS = YES;
				GCC_WARN_64_TO_32_BIT_CONVERSION = YES;
				GCC_WARN_ABOUT_RETURN_TYPE = YES_ERROR;
				GCC_WARN_UNDECLARED_SELECTOR = YES;
				GCC_WARN_UNINITIALIZED_AUTOS = YES_AGGRESSIVE;
				GCC_WARN_UNUSED_FUNCTION = YES;
				GCC_WARN_UNUSED_VARIABLE = YES;
				IPHONEOS_DEPLOYMENT_TARGET = 13.2;
				MTL_ENABLE_DEBUG_INFO = NO;
				MTL_FAST_MATH = YES;
				SDKROOT = iphoneos;
				SWIFT_COMPILATION_MODE = wholemodule;
				SWIFT_OPTIMIZATION_LEVEL = "-O";
				VALIDATE_PRODUCT = YES;
			};
			name = Release;
		};
		81576DD8250A1EAB00D5A30C /* Debug */ = {
			isa = XCBuildConfiguration;
			baseConfigurationReference = 7A8A45EC8CC887B36E43F219 /* Pods-AppDevelopExample.debug.xcconfig */;
			buildSettings = {
				ASSETCATALOG_COMPILER_APPICON_NAME = AppIcon;
				CLANG_ENABLE_MODULES = YES;
				CODE_SIGN_IDENTITY = "Apple Development";
				CODE_SIGN_STYLE = Automatic;
				DEFINES_MODULE = YES;
				DEVELOPMENT_TEAM = GH4LFZTV5D;
				INFOPLIST_FILE = AppDevelopExample/Info.plist;
				IPHONEOS_DEPLOYMENT_TARGET = 13.0;
				LD_RUNPATH_SEARCH_PATHS = (
					"$(inherited)",
					"@executable_path/Frameworks",
				);
				MARKETING_VERSION = 1.0.4;
				PRODUCT_BUNDLE_IDENTIFIER = wlw.AppDevelopExample;
				PRODUCT_NAME = "$(TARGET_NAME)";
				PROVISIONING_PROFILE_SPECIFIER = "";
				SWIFT_OBJC_BRIDGING_HEADER = "AppDevelopExample/AppDevelopExample-Bridging-Header.h";
				SWIFT_OPTIMIZATION_LEVEL = "-Onone";
				SWIFT_VERSION = 5.0;
				TARGETED_DEVICE_FAMILY = 1;
			};
			name = Debug;
		};
		81576DD9250A1EAB00D5A30C /* Release */ = {
			isa = XCBuildConfiguration;
			baseConfigurationReference = 508559AF1C040609886F78A2 /* Pods-AppDevelopExample.release.xcconfig */;
			buildSettings = {
				ASSETCATALOG_COMPILER_APPICON_NAME = AppIcon;
				CLANG_ENABLE_MODULES = YES;
				CODE_SIGN_IDENTITY = "Apple Development";
				CODE_SIGN_STYLE = Automatic;
				DEFINES_MODULE = YES;
				DEVELOPMENT_TEAM = GH4LFZTV5D;
				INFOPLIST_FILE = AppDevelopExample/Info.plist;
				IPHONEOS_DEPLOYMENT_TARGET = 13.0;
				LD_RUNPATH_SEARCH_PATHS = (
					"$(inherited)",
					"@executable_path/Frameworks",
				);
				MARKETING_VERSION = 1.0.4;
				PRODUCT_BUNDLE_IDENTIFIER = wlw.AppDevelopExample;
				PRODUCT_NAME = "$(TARGET_NAME)";
				PROVISIONING_PROFILE_SPECIFIER = "";
				SWIFT_OBJC_BRIDGING_HEADER = "AppDevelopExample/AppDevelopExample-Bridging-Header.h";
				SWIFT_VERSION = 5.0;
				TARGETED_DEVICE_FAMILY = 1;
			};
			name = Release;
		};
/* End XCBuildConfiguration section */

/* Begin XCConfigurationList section */
		81576DBE250A1EAA00D5A30C /* Build configuration list for PBXProject "AppDevelopExample" */ = {
			isa = XCConfigurationList;
			buildConfigurations = (
				81576DD5250A1EAB00D5A30C /* Debug */,
				81576DD6250A1EAB00D5A30C /* Release */,
			);
			defaultConfigurationIsVisible = 0;
			defaultConfigurationName = Release;
		};
		81576DD7250A1EAB00D5A30C /* Build configuration list for PBXNativeTarget "AppDevelopExample" */ = {
			isa = XCConfigurationList;
			buildConfigurations = (
				81576DD8250A1EAB00D5A30C /* Debug */,
				81576DD9250A1EAB00D5A30C /* Release */,
			);
			defaultConfigurationIsVisible = 0;
			defaultConfigurationName = Release;
		};
/* End XCConfigurationList section */
	};
	rootObject = 81576DBB250A1EAA00D5A30C /* Project object */;
}
